
Microsoft Visual Studio Solution File, Format Version 12.00
# Visual Studio 15
VisualStudioVersion = 15.0.27703.2042
MinimumVisualStudioVersion = 10.0.40219.1
Project("{FAE04EC0-301F-11D3-BF4B-00C04F79EFBC}") = "BlackJack", "BlackJack\BlackJack.csproj", "{C71C69AF-8DD1-46AC-952A-5983E4C90A3B}"
EndProject
Project("{FAE04EC0-301F-11D3-BF4B-00C04F79EFBC}") = "Entities", "Entities\Entities.csproj", "{3A95469C-01B5-4899-9E07-76915B639383}"
EndProject
Project("{FAE04EC0-301F-11D3-BF4B-00C04F79EFBC}") = "Services", "Services\Services.csproj", "{2F79BC0A-711A-4BF7-A0C5-2F9A78495A4F}"
EndProject
Global
	GlobalSection(SolutionConfigurationPlatforms) = preSolution
		Debug|Any CPU = Debug|Any CPU
		Release|Any CPU = Release|Any CPU
	EndGlobalSection
	GlobalSection(ProjectConfigurationPlatforms) = postSolution
		{C71C69AF-8DD1-46AC-952A-5983E4C90A3B}.Debug|Any CPU.ActiveCfg = Debug|Any CPU
		{C71C69AF-8DD1-46AC-952A-5983E4C90A3B}.Debug|Any CPU.Build.0 = Debug|Any CPU
		{C71C69AF-8DD1-46AC-952A-5983E4C90A3B}.Release|Any CPU.ActiveCfg = Release|Any CPU
		{C71C69AF-8DD1-46AC-952A-5983E4C90A3B}.Release|Any CPU.Build.0 = Release|Any CPU
		{3A95469C-01B5-4899-9E07-76915B639383}.Debug|Any CPU.ActiveCfg = Debug|Any CPU
		{3A95469C-01B5-4899-9E07-76915B639383}.Debug|Any CPU.Build.0 = Debug|Any CPU
		{3A95469C-01B5-4899-9E07-76915B639383}.Release|Any CPU.ActiveCfg = Release|Any CPU
		{3A95469C-01B5-4899-9E07-76915B639383}.Release|Any CPU.Build.0 = Release|Any CPU
		{2F79BC0A-711A-4BF7-A0C5-2F9A78495A4F}.Debug|Any CPU.ActiveCfg = Debug|Any CPU
		{2F79BC0A-711A-4BF7-A0C5-2F9A78495A4F}.Debug|Any CPU.Build.0 = Debug|Any CPU
		{2F79BC0A-711A-4BF7-A0C5-2F9A78495A4F}.Release|Any CPU.ActiveCfg = Release|Any CPU
		{2F79BC0A-711A-4BF7-A0C5-2F9A78495A4F}.Release|Any CPU.Build.0 = Release|Any CPU
	EndGlobalSection
	GlobalSection(SolutionProperties) = preSolution
		HideSolutionNode = FALSE
	EndGlobalSection
	GlobalSection(ExtensibilityGlobals) = postSolution
		SolutionGuid = {A7B01343-1345-40E5-8778-E9E569696A7C}
	EndGlobalSection
EndGlobal
